// !$*UTF8*$!
{
	archiveVersion = 1;
	classes = {
	};
	objectVersion = 46;
	objects = {

/* Begin PBXBuildFile section */
		DF0761E11E5BE8B1006F3E4D /* main.m in Sources */ = {isa = PBXBuildFile; fileRef = DF0761E01E5BE8B1006F3E4D /* main.m */; };
		DF0761E41E5BE8B1006F3E4D /* AppDelegate.m in Sources */ = {isa = PBXBuildFile; fileRef = DF0761E31E5BE8B1006F3E4D /* AppDelegate.m */; };
		DF0761EA1E5BE8B1006F3E4D /* Main.storyboard in Resources */ = {isa = PBXBuildFile; fileRef = DF0761E81E5BE8B1006F3E4D /* Main.storyboard */; };
		DF0761EC1E5BE8B1006F3E4D /* Assets.xcassets in Resources */ = {isa = PBXBuildFile; fileRef = DF0761EB1E5BE8B1006F3E4D /* Assets.xcassets */; };
		DF0761EF1E5BE8B1006F3E4D /* LaunchScreen.storyboard in Resources */ = {isa = PBXBuildFile; fileRef = DF0761ED1E5BE8B1006F3E4D /* LaunchScreen.storyboard */; };
		DF0761FA1E5BE8B2006F3E4D /* IOSArchiveAndUnarchiveTests.m in Sources */ = {isa = PBXBuildFile; fileRef = DF0761F91E5BE8B2006F3E4D /* IOSArchiveAndUnarchiveTests.m */; };
		DF0762051E5BE8B2006F3E4D /* IOSArchiveAndUnarchiveUITests.m in Sources */ = {isa = PBXBuildFile; fileRef = DF0762041E5BE8B2006F3E4D /* IOSArchiveAndUnarchiveUITests.m */; };
		DF0762351E61B52B006F3E4D /* ViewController.m in Sources */ = {isa = PBXBuildFile; fileRef = DF0762341E61B52B006F3E4D /* ViewController.m */; };
		DF6FC7C020182863008CDFA0 /* ZXJStudent.m in Sources */ = {isa = PBXBuildFile; fileRef = DF6FC7B220182863008CDFA0 /* ZXJStudent.m */; };
		DF6FC7C120182863008CDFA0 /* ZXJPerson.m in Sources */ = {isa = PBXBuildFile; fileRef = DF6FC7B520182863008CDFA0 /* ZXJPerson.m */; };
		DF6FC7C220182863008CDFA0 /* ZXJRunTimeBaseModel.m in Sources */ = {isa = PBXBuildFile; fileRef = DF6FC7B720182863008CDFA0 /* ZXJRunTimeBaseModel.m */; };
		DF6FC7C320182863008CDFA0 /* ZXJUserModel.m in Sources */ = {isa = PBXBuildFile; fileRef = DF6FC7BA20182863008CDFA0 /* ZXJUserModel.m */; };
		DF6FC7C420182863008CDFA0 /* ZXJRunTimeBaseModelOne.m in Sources */ = {isa = PBXBuildFile; fileRef = DF6FC7BC20182863008CDFA0 /* ZXJRunTimeBaseModelOne.m */; };
		DF6FC7C520182863008CDFA0 /* ZXJUserModelOne.m in Sources */ = {isa = PBXBuildFile; fileRef = DF6FC7BD20182863008CDFA0 /* ZXJUserModelOne.m */; };
		DF6FC7CB20182920008CDFA0 /* SaveArrayModelViewController.m in Sources */ = {isa = PBXBuildFile; fileRef = DF6FC7CA20182920008CDFA0 /* SaveArrayModelViewController.m */; };
		DF6FC7CE20182994008CDFA0 /* SQSearchHotLableModel.m in Sources */ = {isa = PBXBuildFile; fileRef = DF6FC7CD20182994008CDFA0 /* SQSearchHotLableModel.m */; };
/* End PBXBuildFile section */

/* Begin PBXContainerItemProxy section */
		DF0761F61E5BE8B2006F3E4D /* PBXContainerItemProxy */ = {
			isa = PBXContainerItemProxy;
			containerPortal = DF0761D41E5BE8B1006F3E4D /* Project object */;
			proxyType = 1;
			remoteGlobalIDString = DF0761DB1E5BE8B1006F3E4D;
			remoteInfo = IOSArchiveAndUnarchive;
		};
		DF0762011E5BE8B2006F3E4D /* PBXContainerItemProxy */ = {
			isa = PBXContainerItemProxy;
			containerPortal = DF0761D41E5BE8B1006F3E4D /* Project object */;
			proxyType = 1;
			remoteGlobalIDString = DF0761DB1E5BE8B1006F3E4D;
			remoteInfo = IOSArchiveAndUnarchive;
		};
/* End PBXContainerItemProxy section */

/* Begin PBXFileReference section */
		DF0761DC1E5BE8B1006F3E4D /* IOSArchiveAndUnarchive.app */ = {isa = PBXFileReference; explicitFileType = wrapper.application; includeInIndex = 0; path = IOSArchiveAndUnarchive.app; sourceTree = BUILT_PRODUCTS_DIR; };
		DF0761E01E5BE8B1006F3E4D /* main.m */ = {isa = PBXFileReference; lastKnownFileType = sourcecode.c.objc; path = main.m; sourceTree = "<group>"; };
		DF0761E21E5BE8B1006F3E4D /* AppDelegate.h */ = {isa = PBXFileReference; lastKnownFileType = sourcecode.c.h; path = AppDelegate.h; sourceTree = "<group>"; };
		DF0761E31E5BE8B1006F3E4D /* AppDelegate.m */ = {isa = PBXFileReference; lastKnownFileType = sourcecode.c.objc; path = AppDelegate.m; sourceTree = "<group>"; };
		DF0761E91E5BE8B1006F3E4D /* Base */ = {isa = PBXFileReference; lastKnownFileType = file.storyboard; name = Base; path = Base.lproj/Main.storyboard; sourceTree = "<group>"; };
		DF0761EB1E5BE8B1006F3E4D /* Assets.xcassets */ = {isa = PBXFileReference; lastKnownFileType = folder.assetcatalog; path = Assets.xcassets; sourceTree = "<group>"; };
		DF0761EE1E5BE8B1006F3E4D /* Base */ = {isa = PBXFileReference; lastKnownFileType = file.storyboard; name = Base; path = Base.lproj/LaunchScreen.storyboard; sourceTree = "<group>"; };
		DF0761F01E5BE8B1006F3E4D /* Info.plist */ = {isa = PBXFileReference; lastKnownFileType = text.plist.xml; path = Info.plist; sourceTree = "<group>"; };
		DF0761F51E5BE8B2006F3E4D /* IOSArchiveAndUnarchiveTests.xctest */ = {isa = PBXFileReference; explicitFileType = wrapper.cfbundle; includeInIndex = 0; path = IOSArchiveAndUnarchiveTests.xctest; sourceTree = BUILT_PRODUCTS_DIR; };
		DF0761F91E5BE8B2006F3E4D /* IOSArchiveAndUnarchiveTests.m */ = {isa = PBXFileReference; lastKnownFileType = sourcecode.c.objc; path = IOSArchiveAndUnarchiveTests.m; sourceTree = "<group>"; };
		DF0761FB1E5BE8B2006F3E4D /* Info.plist */ = {isa = PBXFileReference; lastKnownFileType = text.plist.xml; path = Info.plist; sourceTree = "<group>"; };
		DF0762001E5BE8B2006F3E4D /* IOSArchiveAndUnarchiveUITests.xctest */ = {isa = PBXFileReference; explicitFileType = wrapper.cfbundle; includeInIndex = 0; path = IOSArchiveAndUnarchiveUITests.xctest; sourceTree = BUILT_PRODUCTS_DIR; };
		DF0762041E5BE8B2006F3E4D /* IOSArchiveAndUnarchiveUITests.m */ = {isa = PBXFileReference; lastKnownFileType = sourcecode.c.objc; path = IOSArchiveAndUnarchiveUITests.m; sourceTree = "<group>"; };
		DF0762061E5BE8B2006F3E4D /* Info.plist */ = {isa = PBXFileReference; lastKnownFileType = text.plist.xml; path = Info.plist; sourceTree = "<group>"; };
		DF0762331E61B52B006F3E4D /* ViewController.h */ = {isa = PBXFileReference; fileEncoding = 4; lastKnownFileType = sourcecode.c.h; name = ViewController.h; path = IOSArchiveAndUnarchive/ViewController.h; sourceTree = SOURCE_ROOT; };
		DF0762341E61B52B006F3E4D /* ViewController.m */ = {isa = PBXFileReference; fileEncoding = 4; lastKnownFileType = sourcecode.c.objc; name = ViewController.m; path = IOSArchiveAndUnarchive/ViewController.m; sourceTree = SOURCE_ROOT; };
		DF6FC7B220182863008CDFA0 /* ZXJStudent.m */ = {isa = PBXFileReference; fileEncoding = 4; lastKnownFileType = sourcecode.c.objc; path = ZXJStudent.m; sourceTree = "<group>"; };
		DF6FC7B320182863008CDFA0 /* ZXJPerson.h */ = {isa = PBXFileReference; fileEncoding = 4; lastKnownFileType = sourcecode.c.h; path = ZXJPerson.h; sourceTree = "<group>"; };
		DF6FC7B420182863008CDFA0 /* ZXJStudent.h */ = {isa = PBXFileReference; fileEncoding = 4; lastKnownFileType = sourcecode.c.h; path = ZXJStudent.h; sourceTree = "<group>"; };
		DF6FC7B520182863008CDFA0 /* ZXJPerson.m */ = {isa = PBXFileReference; fileEncoding = 4; lastKnownFileType = sourcecode.c.objc; path = ZXJPerson.m; sourceTree = "<group>"; };
		DF6FC7B720182863008CDFA0 /* ZXJRunTimeBaseModel.m */ = {isa = PBXFileReference; fileEncoding = 4; lastKnownFileType = sourcecode.c.objc; path = ZXJRunTimeBaseModel.m; sourceTree = "<group>"; };
		DF6FC7B820182863008CDFA0 /* ZXJUserModel.h */ = {isa = PBXFileReference; fileEncoding = 4; lastKnownFileType = sourcecode.c.h; path = ZXJUserModel.h; sourceTree = "<group>"; };
		DF6FC7B920182863008CDFA0 /* ZXJRunTimeBaseModel.h */ = {isa = PBXFileReference; fileEncoding = 4; lastKnownFileType = sourcecode.c.h; path = ZXJRunTimeBaseModel.h; sourceTree = "<group>"; };
		DF6FC7BA20182863008CDFA0 /* ZXJUserModel.m */ = {isa = PBXFileReference; fileEncoding = 4; lastKnownFileType = sourcecode.c.objc; path = ZXJUserModel.m; sourceTree = "<group>"; };
		DF6FC7BC20182863008CDFA0 /* ZXJRunTimeBaseModelOne.m */ = {isa = PBXFileReference; fileEncoding = 4; lastKnownFileType = sourcecode.c.objc; path = ZXJRunTimeBaseModelOne.m; sourceTree = "<group>"; };
		DF6FC7BD20182863008CDFA0 /* ZXJUserModelOne.m */ = {isa = PBXFileReference; fileEncoding = 4; lastKnownFileType = sourcecode.c.objc; path = ZXJUserModelOne.m; sourceTree = "<group>"; };
		DF6FC7BE20182863008CDFA0 /* ZXJRunTimeBaseModelOne.h */ = {isa = PBXFileReference; fileEncoding = 4; lastKnownFileType = sourcecode.c.h; path = ZXJRunTimeBaseModelOne.h; sourceTree = "<group>"; };
		DF6FC7BF20182863008CDFA0 /* ZXJUserModelOne.h */ = {isa = PBXFileReference; fileEncoding = 4; lastKnownFileType = sourcecode.c.h; path = ZXJUserModelOne.h; sourceTree = "<group>"; };
		DF6FC7C920182920008CDFA0 /* SaveArrayModelViewController.h */ = {isa = PBXFileReference; lastKnownFileType = sourcecode.c.h; path = SaveArrayModelViewController.h; sourceTree = "<group>"; };
		DF6FC7CA20182920008CDFA0 /* SaveArrayModelViewController.m */ = {isa = PBXFileReference; lastKnownFileType = sourcecode.c.objc; path = SaveArrayModelViewController.m; sourceTree = "<group>"; };
		DF6FC7CC20182994008CDFA0 /* SQSearchHotLableModel.h */ = {isa = PBXFileReference; lastKnownFileType = sourcecode.c.h; path = SQSearchHotLableModel.h; sourceTree = "<group>"; };
		DF6FC7CD20182994008CDFA0 /* SQSearchHotLableModel.m */ = {isa = PBXFileReference; lastKnownFileType = sourcecode.c.objc; path = SQSearchHotLableModel.m; sourceTree = "<group>"; };
/* End PBXFileReference section */

/* Begin PBXFrameworksBuildPhase section */
		DF0761D91E5BE8B1006F3E4D /* Frameworks */ = {
			isa = PBXFrameworksBuildPhase;
			buildActionMask = 2147483647;
			files = (
			);
			runOnlyForDeploymentPostprocessing = 0;
		};
		DF0761F21E5BE8B2006F3E4D /* Frameworks */ = {
			isa = PBXFrameworksBuildPhase;
			buildActionMask = 2147483647;
			files = (
			);
			runOnlyForDeploymentPostprocessing = 0;
		};
		DF0761FD1E5BE8B2006F3E4D /* Frameworks */ = {
			isa = PBXFrameworksBuildPhase;
			buildActionMask = 2147483647;
			files = (
			);
			runOnlyForDeploymentPostprocessing = 0;
		};
/* End PBXFrameworksBuildPhase section */

/* Begin PBXGroup section */
		DF0761D31E5BE8B1006F3E4D = {
			isa = PBXGroup;
			children = (
				DF0761DE1E5BE8B1006F3E4D /* IOSArchiveAndUnarchive */,
				DF0761F81E5BE8B2006F3E4D /* IOSArchiveAndUnarchiveTests */,
				DF0762031E5BE8B2006F3E4D /* IOSArchiveAndUnarchiveUITests */,
				DF0761DD1E5BE8B1006F3E4D /* Products */,
			);
			sourceTree = "<group>";
		};
		DF0761DD1E5BE8B1006F3E4D /* Products */ = {
			isa = PBXGroup;
			children = (
				DF0761DC1E5BE8B1006F3E4D /* IOSArchiveAndUnarchive.app */,
				DF0761F51E5BE8B2006F3E4D /* IOSArchiveAndUnarchiveTests.xctest */,
				DF0762001E5BE8B2006F3E4D /* IOSArchiveAndUnarchiveUITests.xctest */,
			);
			name = Products;
			sourceTree = "<group>";
		};
		DF0761DE1E5BE8B1006F3E4D /* IOSArchiveAndUnarchive */ = {
			isa = PBXGroup;
			children = (
				DF6FC7C6201828E8008CDFA0 /* SaveArrayModel(保存自定义模型数组) */,
				DF6FC7B0201827C2008CDFA0 /* SaveSignalModel(保存单个模型) */,
				DF0762141E5BF098006F3E4D /* Controller */,
				DF0762121E5BF07B006F3E4D /* View */,
				DF0761E21E5BE8B1006F3E4D /* AppDelegate.h */,
				DF0761E31E5BE8B1006F3E4D /* AppDelegate.m */,
				DF0761DF1E5BE8B1006F3E4D /* Supporting Files */,
			);
			path = IOSArchiveAndUnarchive;
			sourceTree = "<group>";
		};
		DF0761DF1E5BE8B1006F3E4D /* Supporting Files */ = {
			isa = PBXGroup;
			children = (
				DF0761E81E5BE8B1006F3E4D /* Main.storyboard */,
				DF0761EB1E5BE8B1006F3E4D /* Assets.xcassets */,
				DF0761ED1E5BE8B1006F3E4D /* LaunchScreen.storyboard */,
				DF0761F01E5BE8B1006F3E4D /* Info.plist */,
				DF0761E01E5BE8B1006F3E4D /* main.m */,
			);
			name = "Supporting Files";
			sourceTree = "<group>";
		};
		DF0761F81E5BE8B2006F3E4D /* IOSArchiveAndUnarchiveTests */ = {
			isa = PBXGroup;
			children = (
				DF0761F91E5BE8B2006F3E4D /* IOSArchiveAndUnarchiveTests.m */,
				DF0761FB1E5BE8B2006F3E4D /* Info.plist */,
			);
			path = IOSArchiveAndUnarchiveTests;
			sourceTree = "<group>";
		};
		DF0762031E5BE8B2006F3E4D /* IOSArchiveAndUnarchiveUITests */ = {
			isa = PBXGroup;
			children = (
				DF0762041E5BE8B2006F3E4D /* IOSArchiveAndUnarchiveUITests.m */,
				DF0762061E5BE8B2006F3E4D /* Info.plist */,
			);
			path = IOSArchiveAndUnarchiveUITests;
			sourceTree = "<group>";
		};
		DF0762121E5BF07B006F3E4D /* View */ = {
			isa = PBXGroup;
			children = (
			);
			path = View;
			sourceTree = "<group>";
		};
		DF0762141E5BF098006F3E4D /* Controller */ = {
			isa = PBXGroup;
			children = (
				DF0762331E61B52B006F3E4D /* ViewController.h */,
				DF0762341E61B52B006F3E4D /* ViewController.m */,
			);
			path = Controller;
			sourceTree = "<group>";
		};
		DF6FC7B0201827C2008CDFA0 /* SaveSignalModel(保存单个模型) */ = {
			isa = PBXGroup;
			children = (
				DF6FC7B120182863008CDFA0 /* ModelPerson */,
				DF6FC7BB20182863008CDFA0 /* ModelRunTimeBaseOne */,
				DF6FC7B620182863008CDFA0 /* ModelRunTimeBaseZero */,
			);
			path = "SaveSignalModel(保存单个模型)";
			sourceTree = "<group>";
		};
		DF6FC7B120182863008CDFA0 /* ModelPerson */ = {
			isa = PBXGroup;
			children = (
				DF6FC7B320182863008CDFA0 /* ZXJPerson.h */,
				DF6FC7B520182863008CDFA0 /* ZXJPerson.m */,
				DF6FC7B220182863008CDFA0 /* ZXJStudent.m */,
				DF6FC7B420182863008CDFA0 /* ZXJStudent.h */,
			);
			name = ModelPerson;
			path = Model/ModelPerson;
			sourceTree = "<group>";
		};
		DF6FC7B620182863008CDFA0 /* ModelRunTimeBaseZero */ = {
			isa = PBXGroup;
			children = (
				DF6FC7B720182863008CDFA0 /* ZXJRunTimeBaseModel.m */,
				DF6FC7B820182863008CDFA0 /* ZXJUserModel.h */,
				DF6FC7B920182863008CDFA0 /* ZXJRunTimeBaseModel.h */,
				DF6FC7BA20182863008CDFA0 /* ZXJUserModel.m */,
			);
			name = ModelRunTimeBaseZero;
			path = Model/ModelRunTimeBaseZero;
			sourceTree = "<group>";
		};
		DF6FC7BB20182863008CDFA0 /* ModelRunTimeBaseOne */ = {
			isa = PBXGroup;
			children = (
				DF6FC7BF20182863008CDFA0 /* ZXJUserModelOne.h */,
				DF6FC7BD20182863008CDFA0 /* ZXJUserModelOne.m */,
				DF6FC7BC20182863008CDFA0 /* ZXJRunTimeBaseModelOne.m */,
				DF6FC7BE20182863008CDFA0 /* ZXJRunTimeBaseModelOne.h */,
			);
			name = ModelRunTimeBaseOne;
			path = Model/ModelRunTimeBaseOne;
			sourceTree = "<group>";
		};
		DF6FC7C6201828E8008CDFA0 /* SaveArrayModel(保存自定义模型数组) */ = {
			isa = PBXGroup;
			children = (
				DF6FC7C72018290D008CDFA0 /* Controller */,
				DF6FC7C82018290D008CDFA0 /* Model */,
			);
			path = "SaveArrayModel(保存自定义模型数组)";
			sourceTree = "<group>";
		};
		DF6FC7C72018290D008CDFA0 /* Controller */ = {
			isa = PBXGroup;
			children = (
				DF6FC7C920182920008CDFA0 /* SaveArrayModelViewController.h */,
				DF6FC7CA20182920008CDFA0 /* SaveArrayModelViewController.m */,
			);
			path = Controller;
			sourceTree = "<group>";
		};
		DF6FC7C82018290D008CDFA0 /* Model */ = {
			isa = PBXGroup;
			children = (
				DF6FC7CC20182994008CDFA0 /* SQSearchHotLableModel.h */,
				DF6FC7CD20182994008CDFA0 /* SQSearchHotLableModel.m */,
			);
			path = Model;
			sourceTree = "<group>";
		};
/* End PBXGroup section */

/* Begin PBXNativeTarget section */
		DF0761DB1E5BE8B1006F3E4D /* IOSArchiveAndUnarchive */ = {
			isa = PBXNativeTarget;
			buildConfigurationList = DF0762091E5BE8B2006F3E4D /* Build configuration list for PBXNativeTarget "IOSArchiveAndUnarchive" */;
			buildPhases = (
				DF0761D81E5BE8B1006F3E4D /* Sources */,
				DF0761D91E5BE8B1006F3E4D /* Frameworks */,
				DF0761DA1E5BE8B1006F3E4D /* Resources */,
			);
			buildRules = (
			);
			dependencies = (
			);
			name = IOSArchiveAndUnarchive;
			productName = IOSArchiveAndUnarchive;
			productReference = DF0761DC1E5BE8B1006F3E4D /* IOSArchiveAndUnarchive.app */;
			productType = "com.apple.product-type.application";
		};
		DF0761F41E5BE8B2006F3E4D /* IOSArchiveAndUnarchiveTests */ = {
			isa = PBXNativeTarget;
			buildConfigurationList = DF07620C1E5BE8B2006F3E4D /* Build configuration list for PBXNativeTarget "IOSArchiveAndUnarchiveTests" */;
			buildPhases = (
				DF0761F11E5BE8B2006F3E4D /* Sources */,
				DF0761F21E5BE8B2006F3E4D /* Frameworks */,
				DF0761F31E5BE8B2006F3E4D /* Resources */,
			);
			buildRules = (
			);
			dependencies = (
				DF0761F71E5BE8B2006F3E4D /* PBXTargetDependency */,
			);
			name = IOSArchiveAndUnarchiveTests;
			productName = IOSArchiveAndUnarchiveTests;
			productReference = DF0761F51E5BE8B2006F3E4D /* IOSArchiveAndUnarchiveTests.xctest */;
			productType = "com.apple.product-type.bundle.unit-test";
		};
		DF0761FF1E5BE8B2006F3E4D /* IOSArchiveAndUnarchiveUITests */ = {
			isa = PBXNativeTarget;
			buildConfigurationList = DF07620F1E5BE8B2006F3E4D /* Build configuration list for PBXNativeTarget "IOSArchiveAndUnarchiveUITests" */;
			buildPhases = (
				DF0761FC1E5BE8B2006F3E4D /* Sources */,
				DF0761FD1E5BE8B2006F3E4D /* Frameworks */,
				DF0761FE1E5BE8B2006F3E4D /* Resources */,
			);
			buildRules = (
			);
			dependencies = (
				DF0762021E5BE8B2006F3E4D /* PBXTargetDependency */,
			);
			name = IOSArchiveAndUnarchiveUITests;
			productName = IOSArchiveAndUnarchiveUITests;
			productReference = DF0762001E5BE8B2006F3E4D /* IOSArchiveAndUnarchiveUITests.xctest */;
			productType = "com.apple.product-type.bundle.ui-testing";
		};
/* End PBXNativeTarget section */

/* Begin PBXProject section */
		DF0761D41E5BE8B1006F3E4D /* Project object */ = {
			isa = PBXProject;
			attributes = {
				LastUpgradeCheck = 0820;
				ORGANIZATIONNAME = zxj;
				TargetAttributes = {
					DF0761DB1E5BE8B1006F3E4D = {
						CreatedOnToolsVersion = 8.2.1;
						ProvisioningStyle = Automatic;
					};
					DF0761F41E5BE8B2006F3E4D = {
						CreatedOnToolsVersion = 8.2.1;
						ProvisioningStyle = Automatic;
						TestTargetID = DF0761DB1E5BE8B1006F3E4D;
					};
					DF0761FF1E5BE8B2006F3E4D = {
						CreatedOnToolsVersion = 8.2.1;
						ProvisioningStyle = Automatic;
						TestTargetID = DF0761DB1E5BE8B1006F3E4D;
					};
				};
			};
			buildConfigurationList = DF0761D71E5BE8B1006F3E4D /* Build configuration list for PBXProject "IOSArchiveAndUnarchive" */;
			compatibilityVersion = "Xcode 3.2";
			developmentRegion = English;
			hasScannedForEncodings = 0;
			knownRegions = (
				en,
				Base,
			);
			mainGroup = DF0761D31E5BE8B1006F3E4D;
			productRefGroup = DF0761DD1E5BE8B1006F3E4D /* Products */;
			projectDirPath = "";
			projectRoot = "";
			targets = (
				DF0761DB1E5BE8B1006F3E4D /* IOSArchiveAndUnarchive */,
				DF0761F41E5BE8B2006F3E4D /* IOSArchiveAndUnarchiveTests */,
				DF0761FF1E5BE8B2006F3E4D /* IOSArchiveAndUnarchiveUITests */,
			);
		};
/* End PBXProject section */

/* Begin PBXResourcesBuildPhase section */
		DF0761DA1E5BE8B1006F3E4D /* Resources */ = {
			isa = PBXResourcesBuildPhase;
			buildActionMask = 2147483647;
			files = (
				DF0761EF1E5BE8B1006F3E4D /* LaunchScreen.storyboard in Resources */,
				DF0761EC1E5BE8B1006F3E4D /* Assets.xcassets in Resources */,
				DF0761EA1E5BE8B1006F3E4D /* Main.storyboard in Resources */,
			);
			runOnlyForDeploymentPostprocessing = 0;
		};
		DF0761F31E5BE8B2006F3E4D /* Resources */ = {
			isa = PBXResourcesBuildPhase;
			buildActionMask = 2147483647;
			files = (
			);
			runOnlyForDeploymentPostprocessing = 0;
		};
		DF0761FE1E5BE8B2006F3E4D /* Resources */ = {
			isa = PBXResourcesBuildPhase;
			buildActionMask = 2147483647;
			files = (
			);
			runOnlyForDeploymentPostprocessing = 0;
		};
/* End PBXResourcesBuildPhase section */

/* Begin PBXSourcesBuildPhase section */
		DF0761D81E5BE8B1006F3E4D /* Sources */ = {
			isa = PBXSourcesBuildPhase;
			buildActionMask = 2147483647;
			files = (
				DF6FC7CE20182994008CDFA0 /* SQSearchHotLableModel.m in Sources */,
				DF6FC7C320182863008CDFA0 /* ZXJUserModel.m in Sources */,
				DF6FC7CB20182920008CDFA0 /* SaveArrayModelViewController.m in Sources */,
				DF6FC7C420182863008CDFA0 /* ZXJRunTimeBaseModelOne.m in Sources */,
				DF0762351E61B52B006F3E4D /* ViewController.m in Sources */,
				DF6FC7C520182863008CDFA0 /* ZXJUserModelOne.m in Sources */,
				DF0761E41E5BE8B1006F3E4D /* AppDelegate.m in Sources */,
				DF6FC7C020182863008CDFA0 /* ZXJStudent.m in Sources */,
				DF0761E11E5BE8B1006F3E4D /* main.m in Sources */,
				DF6FC7C220182863008CDFA0 /* ZXJRunTimeBaseModel.m in Sources */,
				DF6FC7C120182863008CDFA0 /* ZXJPerson.m in Sources */,
			);
			runOnlyForDeploymentPostprocessing = 0;
		};
		DF0761F11E5BE8B2006F3E4D /* Sources */ = {
			isa = PBXSourcesBuildPhase;
			buildActionMask = 2147483647;
			files = (
				DF0761FA1E5BE8B2006F3E4D /* IOSArchiveAndUnarchiveTests.m in Sources */,
			);
			runOnlyForDeploymentPostprocessing = 0;
		};
		DF0761FC1E5BE8B2006F3E4D /* Sources */ = {
			isa = PBXSourcesBuildPhase;
			buildActionMask = 2147483647;
			files = (
				DF0762051E5BE8B2006F3E4D /* IOSArchiveAndUnarchiveUITests.m in Sources */,
			);
			runOnlyForDeploymentPostprocessing = 0;
		};
/* End PBXSourcesBuildPhase section */

/* Begin PBXTargetDependency section */
		DF0761F71E5BE8B2006F3E4D /* PBXTargetDependency */ = {
			isa = PBXTargetDependency;
			target = DF0761DB1E5BE8B1006F3E4D /* IOSArchiveAndUnarchive */;
			targetProxy = DF0761F61E5BE8B2006F3E4D /* PBXContainerItemProxy */;
		};
		DF0762021E5BE8B2006F3E4D /* PBXTargetDependency */ = {
			isa = PBXTargetDependency;
			target = DF0761DB1E5BE8B1006F3E4D /* IOSArchiveAndUnarchive */;
			targetProxy = DF0762011E5BE8B2006F3E4D /* PBXContainerItemProxy */;
		};
/* End PBXTargetDependency section */

/* Begin PBXVariantGroup section */
		DF0761E81E5BE8B1006F3E4D /* Main.storyboard */ = {
			isa = PBXVariantGroup;
			children = (
				DF0761E91E5BE8B1006F3E4D /* Base */,
			);
			name = Main.storyboard;
			sourceTree = "<group>";
		};
		DF0761ED1E5BE8B1006F3E4D /* LaunchScreen.storyboard */ = {
			isa = PBXVariantGroup;
			children = (
				DF0761EE1E5BE8B1006F3E4D /* Base */,
			);
			name = LaunchScreen.storyboard;
			sourceTree = "<group>";
		};
/* End PBXVariantGroup section */

/* Begin XCBuildConfiguration section */
		DF0762071E5BE8B2006F3E4D /* Debug */ = {
			isa = XCBuildConfiguration;
			buildSettings = {
				ALWAYS_SEARCH_USER_PATHS = NO;
				CLANG_ANALYZER_NONNULL = YES;
				CLANG_CXX_LANGUAGE_STANDARD = "gnu++0x";
				CLANG_CXX_LIBRARY = "libc++";
				CLANG_ENABLE_MODULES = YES;
				CLANG_ENABLE_OBJC_ARC = YES;
				CLANG_WARN_BOOL_CONVERSION = YES;
				CLANG_WARN_CONSTANT_CONVERSION = YES;
				CLANG_WARN_DIRECT_OBJC_ISA_USAGE = YES_ERROR;
				CLANG_WARN_DOCUMENTATION_COMMENTS = YES;
				CLANG_WARN_EMPTY_BODY = YES;
				CLANG_WARN_ENUM_CONVERSION = YES;
				CLANG_WARN_INFINITE_RECURSION = YES;
				CLANG_WARN_INT_CONVERSION = YES;
				CLANG_WARN_OBJC_ROOT_CLASS = YES_ERROR;
				CLANG_WARN_SUSPICIOUS_MOVE = YES;
				CLANG_WARN_UNREACHABLE_CODE = YES;
				CLANG_WARN__DUPLICATE_METHOD_MATCH = YES;
				"CODE_SIGN_IDENTITY[sdk=iphoneos*]" = "iPhone Developer";
				COPY_PHASE_STRIP = NO;
				DEBUG_INFORMATION_FORMAT = dwarf;
				ENABLE_STRICT_OBJC_MSGSEND = YES;
				ENABLE_TESTABILITY = YES;
				GCC_C_LANGUAGE_STANDARD = gnu99;
				GCC_DYNAMIC_NO_PIC = NO;
				GCC_NO_COMMON_BLOCKS = YES;
				GCC_OPTIMIZATION_LEVEL = 0;
				GCC_PREPROCESSOR_DEFINITIONS = (
					"DEBUG=1",
					"$(inherited)",
				);
				GCC_WARN_64_TO_32_BIT_CONVERSION = YES;
				GCC_WARN_ABOUT_RETURN_TYPE = YES_ERROR;
				GCC_WARN_UNDECLARED_SELECTOR = YES;
				GCC_WARN_UNINITIALIZED_AUTOS = YES_AGGRESSIVE;
				GCC_WARN_UNUSED_FUNCTION = YES;
				GCC_WARN_UNUSED_VARIABLE = YES;
				IPHONEOS_DEPLOYMENT_TARGET = 10.2;
				MTL_ENABLE_DEBUG_INFO = YES;
				ONLY_ACTIVE_ARCH = YES;
				SDKROOT = iphoneos;
			};
			name = Debug;
		};
		DF0762081E5BE8B2006F3E4D /* Release */ = {
			isa = XCBuildConfiguration;
			buildSettings = {
				ALWAYS_SEARCH_USER_PATHS = NO;
				CLANG_ANALYZER_NONNULL = YES;
				CLANG_CXX_LANGUAGE_STANDARD = "gnu++0x";
				CLANG_CXX_LIBRARY = "libc++";
				CLANG_ENABLE_MODULES = YES;
				CLANG_ENABLE_OBJC_ARC = YES;
				CLANG_WARN_BOOL_CONVERSION = YES;
				CLANG_WARN_CONSTANT_CONVERSION = YES;
				CLANG_WARN_DIRECT_OBJC_ISA_USAGE = YES_ERROR;
				CLANG_WARN_DOCUMENTATION_COMMENTS = YES;
				CLANG_WARN_EMPTY_BODY = YES;
				CLANG_WARN_ENUM_CONVERSION = YES;
				CLANG_WARN_INFINITE_RECURSION = YES;
				CLANG_WARN_INT_CONVERSION = YES;
				CLANG_WARN_OBJC_ROOT_CLASS = YES_ERROR;
				CLANG_WARN_SUSPICIOUS_MOVE = YES;
				CLANG_WARN_UNREACHABLE_CODE = YES;
				CLANG_WARN__DUPLICATE_METHOD_MATCH = YES;
				"CODE_SIGN_IDENTITY[sdk=iphoneos*]" = "iPhone Developer";
				COPY_PHASE_STRIP = NO;
				DEBUG_INFORMATION_FORMAT = "dwarf-with-dsym";
				ENABLE_NS_ASSERTIONS = NO;
				ENABLE_STRICT_OBJC_MSGSEND = YES;
				GCC_C_LANGUAGE_STANDARD = gnu99;
				GCC_NO_COMMON_BLOCKS = YES;
				GCC_WARN_64_TO_32_BIT_CONVERSION = YES;
				GCC_WARN_ABOUT_RETURN_TYPE = YES_ERROR;
				GCC_WARN_UNDECLARED_SELECTOR = YES;
				GCC_WARN_UNINITIALIZED_AUTOS = YES_AGGRESSIVE;
				GCC_WARN_UNUSED_FUNCTION = YES;
				GCC_WARN_UNUSED_VARIABLE = YES;
				IPHONEOS_DEPLOYMENT_TARGET = 10.2;
				MTL_ENABLE_DEBUG_INFO = NO;
				SDKROOT = iphoneos;
				VALIDATE_PRODUCT = YES;
			};
			name = Release;
		};
		DF07620A1E5BE8B2006F3E4D /* Debug */ = {
			isa = XCBuildConfiguration;
			buildSettings = {
				ASSETCATALOG_COMPILER_APPICON_NAME = AppIcon;
				INFOPLIST_FILE = IOSArchiveAndUnarchive/Info.plist;
				IPHONEOS_DEPLOYMENT_TARGET = 9;
				LD_RUNPATH_SEARCH_PATHS = "$(inherited) @executable_path/Frameworks";
				PRODUCT_BUNDLE_IDENTIFIER = com.zhang.test.IOSArchiveAndUnarchive;
				PRODUCT_NAME = "$(TARGET_NAME)";
			};
			name = Debug;
		};
		DF07620B1E5BE8B2006F3E4D /* Release */ = {
			isa = XCBuildConfiguration;
			buildSettings = {
				ASSETCATALOG_COMPILER_APPICON_NAME = AppIcon;
				INFOPLIST_FILE = IOSArchiveAndUnarchive/Info.plist;
				IPHONEOS_DEPLOYMENT_TARGET = 9;
				LD_RUNPATH_SEARCH_PATHS = "$(inherited) @executable_path/Frameworks";
				PRODUCT_BUNDLE_IDENTIFIER = com.zhang.test.IOSArchiveAndUnarchive;
				PRODUCT_NAME = "$(TARGET_NAME)";
			};
			name = Release;
		};
		DF07620D1E5BE8B2006F3E4D /* Debug */ = {
			isa = XCBuildConfiguration;
			buildSettings = {
				BUNDLE_LOADER = "$(TEST_HOST)";
				INFOPLIST_FILE = IOSArchiveAndUnarchiveTests/Info.plist;
				LD_RUNPATH_SEARCH_PATHS = "$(inherited) @executable_path/Frameworks @loader_path/Frameworks";
				PRODUCT_BUNDLE_IDENTIFIER = com.zhang.test.IOSArchiveAndUnarchiveTests;
				PRODUCT_NAME = "$(TARGET_NAME)";
				TEST_HOST = "$(BUILT_PRODUCTS_DIR)/IOSArchiveAndUnarchive.app/IOSArchiveAndUnarchive";
			};
			name = Debug;
		};
		DF07620E1E5BE8B2006F3E4D /* Release */ = {
			isa = XCBuildConfiguration;
			buildSettings = {
				BUNDLE_LOADER = "$(TEST_HOST)";
				INFOPLIST_FILE = IOSArchiveAndUnarchiveTests/Info.plist;
				LD_RUNPATH_SEARCH_PATHS = "$(inherited) @executable_path/Frameworks @loader_path/Frameworks";
				PRODUCT_BUNDLE_IDENTIFIER = com.zhang.test.IOSArchiveAndUnarchiveTests;
				PRODUCT_NAME = "$(TARGET_NAME)";
				TEST_HOST = "$(BUILT_PRODUCTS_DIR)/IOSArchiveAndUnarchive.app/IOSArchiveAndUnarchive";
			};
			name = Release;
		};
		DF0762101E5BE8B2006F3E4D /* Debug */ = {
			isa = XCBuildConfiguration;
			buildSettings = {
				INFOPLIST_FILE = IOSArchiveAndUnarchiveUITests/Info.plist;
				LD_RUNPATH_SEARCH_PATHS = "$(inherited) @executable_path/Frameworks @loader_path/Frameworks";
				PRODUCT_BUNDLE_IDENTIFIER = com.zhang.test.IOSArchiveAndUnarchiveUITests;
				PRODUCT_NAME = "$(TARGET_NAME)";
				TEST_TARGET_NAME = IOSArchiveAndUnarchive;
			};
			name = Debug;
		};
		DF0762111E5BE8B2006F3E4D /* Release */ = {
			isa = XCBuildConfiguration;
			buildSettings = {
				INFOPLIST_FILE = IOSArchiveAndUnarchiveUITests/Info.plist;
				LD_RUNPATH_SEARCH_PATHS = "$(inherited) @executable_path/Frameworks @loader_path/Frameworks";
				PRODUCT_BUNDLE_IDENTIFIER = com.zhang.test.IOSArchiveAndUnarchiveUITests;
				PRODUCT_NAME = "$(TARGET_NAME)";
				TEST_TARGET_NAME = IOSArchiveAndUnarchive;
			};
			name = Release;
		};
/* End XCBuildConfiguration section */

/* Begin XCConfigurationList section */
		DF0761D71E5BE8B1006F3E4D /* Build configuration list for PBXProject "IOSArchiveAndUnarchive" */ = {
			isa = XCConfigurationList;
			buildConfigurations = (
				DF0762071E5BE8B2006F3E4D /* Debug */,
				DF0762081E5BE8B2006F3E4D /* Release */,
			);
			defaultConfigurationIsVisible = 0;
			defaultConfigurationName = Release;
		};
		DF0762091E5BE8B2006F3E4D /* Build configuration list for PBXNativeTarget "IOSArchiveAndUnarchive" */ = {
			isa = XCConfigurationList;
			buildConfigurations = (
				DF07620A1E5BE8B2006F3E4D /* Debug */,
				DF07620B1E5BE8B2006F3E4D /* Release */,
			);
			defaultConfigurationIsVisible = 0;
			defaultConfigurationName = Release;
		};
		DF07620C1E5BE8B2006F3E4D /* Build configuration list for PBXNativeTarget "IOSArchiveAndUnarchiveTests" */ = {
			isa = XCConfigurationList;
			buildConfigurations = (
				DF07620D1E5BE8B2006F3E4D /* Debug */,
				DF07620E1E5BE8B2006F3E4D /* Release */,
			);
			defaultConfigurationIsVisible = 0;
			defaultConfigurationName = Release;
		};
		DF07620F1E5BE8B2006F3E4D /* Build configuration list for PBXNativeTarget "IOSArchiveAndUnarchiveUITests" */ = {
			isa = XCConfigurationList;
			buildConfigurations = (
				DF0762101E5BE8B2006F3E4D /* Debug */,
				DF0762111E5BE8B2006F3E4D /* Release */,
			);
			defaultConfigurationIsVisible = 0;
			defaultConfigurationName = Release;
		};
/* End XCConfigurationList section */
	};
	rootObject = DF0761D41E5BE8B1006F3E4D /* Project object */;
}
